
Microsoft Visual Studio Solution File, Format Version 12.00
# Visual Studio 15
VisualStudioVersion = 15.0.26430.16
MinimumVisualStudioVersion = 10.0.40219.1
Project("{FAE04EC0-301F-11D3-BF4B-00C04F79EFBC}") = "XrnCourse.FormsHello.Android", "XrnCourse.FormsHello\XrnCourse.FormsHello.Android\XrnCourse.FormsHello.Android.csproj", "{7B807F16-F0E5-4211-9818-820AAF1138AD}"
EndProject
Project("{FAE04EC0-301F-11D3-BF4B-00C04F79EFBC}") = "XrnCourse.FormsHello", "XrnCourse.FormsHello\XrnCourse.FormsHello\XrnCourse.FormsHello.csproj", "{AE94A8F8-5224-4CEF-AC11-5E75073F2AA6}"
EndProject
Project("{FAE04EC0-301F-11D3-BF4B-00C04F79EFBC}") = "XrnCourse.FormsHello.UWP", "XrnCourse.FormsHello\XrnCourse.FormsHello.UWP\XrnCourse.FormsHello.UWP.csproj", "{6BF72723-D3AA-4E2C-85A7-B9C0BAF9B7AE}"
EndProject
Project("{FAE04EC0-301F-11D3-BF4B-00C04F79EFBC}") = "XrnCourse.FormsHello.iOS", "XrnCourse.FormsHello\XrnCourse.FormsHello.iOS\XrnCourse.FormsHello.iOS.csproj", "{5FE376BA-9864-40D8-B621-A258EC39F2CE}"
EndProject
Global
	GlobalSection(SolutionConfigurationPlatforms) = preSolution
		Ad-Hoc|Any CPU = Ad-Hoc|Any CPU
		Ad-Hoc|ARM = Ad-Hoc|ARM
		Ad-Hoc|iPhone = Ad-Hoc|iPhone
		Ad-Hoc|iPhoneSimulator = Ad-Hoc|iPhoneSimulator
		Ad-Hoc|x64 = Ad-Hoc|x64
		Ad-Hoc|x86 = Ad-Hoc|x86
		AppStore|Any CPU = AppStore|Any CPU
		AppStore|ARM = AppStore|ARM
		AppStore|iPhone = AppStore|iPhone
		AppStore|iPhoneSimulator = AppStore|iPhoneSimulator
		AppStore|x64 = AppStore|x64
		AppStore|x86 = AppStore|x86
		Debug|Any CPU = Debug|Any CPU
		Debug|ARM = Debug|ARM
		Debug|iPhone = Debug|iPhone
		Debug|iPhoneSimulator = Debug|iPhoneSimulator
		Debug|x64 = Debug|x64
		Debug|x86 = Debug|x86
		Release|Any CPU = Release|Any CPU
		Release|ARM = Release|ARM
		Release|iPhone = Release|iPhone
		Release|iPhoneSimulator = Release|iPhoneSimulator
		Release|x64 = Release|x64
		Release|x86 = Release|x86
	EndGlobalSection
	GlobalSection(ProjectConfigurationPlatforms) = postSolution
		{7B807F16-F0E5-4211-9818-820AAF1138AD}.Ad-Hoc|Any CPU.ActiveCfg = Release|Any CPU
		{7B807F16-F0E5-4211-9818-820AAF1138AD}.Ad-Hoc|Any CPU.Build.0 = Release|Any CPU
		{7B807F16-F0E5-4211-9818-820AAF1138AD}.Ad-Hoc|Any CPU.Deploy.0 = Release|Any CPU
		{7B807F16-F0E5-4211-9818-820AAF1138AD}.Ad-Hoc|ARM.ActiveCfg = Release|Any CPU
		{7B807F16-F0E5-4211-9818-820AAF1138AD}.Ad-Hoc|ARM.Build.0 = Release|Any CPU
		{7B807F16-F0E5-4211-9818-820AAF1138AD}.Ad-Hoc|ARM.Deploy.0 = Release|Any CPU
		{7B807F16-F0E5-4211-9818-820AAF1138AD}.Ad-Hoc|iPhone.ActiveCfg = Release|Any CPU
		{7B807F16-F0E5-4211-9818-820AAF1138AD}.Ad-Hoc|iPhone.Build.0 = Release|Any CPU
		{7B807F16-F0E5-4211-9818-820AAF1138AD}.Ad-Hoc|iPhone.Deploy.0 = Release|Any CPU
		{7B807F16-F0E5-4211-9818-820AAF1138AD}.Ad-Hoc|iPhoneSimulator.ActiveCfg = Release|Any CPU
		{7B807F16-F0E5-4211-9818-820AAF1138AD}.Ad-Hoc|iPhoneSimulator.Build.0 = Release|Any CPU
		{7B807F16-F0E5-4211-9818-820AAF1138AD}.Ad-Hoc|iPhoneSimulator.Deploy.0 = Release|Any CPU
		{7B807F16-F0E5-4211-9818-820AAF1138AD}.Ad-Hoc|x64.ActiveCfg = Release|Any CPU
		{7B807F16-F0E5-4211-9818-820AAF1138AD}.Ad-Hoc|x64.Build.0 = Release|Any CPU
		{7B807F16-F0E5-4211-9818-820AAF1138AD}.Ad-Hoc|x64.Deploy.0 = Release|Any CPU
		{7B807F16-F0E5-4211-9818-820AAF1138AD}.Ad-Hoc|x86.ActiveCfg = Release|Any CPU
		{7B807F16-F0E5-4211-9818-820AAF1138AD}.Ad-Hoc|x86.Build.0 = Release|Any CPU
		{7B807F16-F0E5-4211-9818-820AAF1138AD}.Ad-Hoc|x86.Deploy.0 = Release|Any CPU
		{7B807F16-F0E5-4211-9818-820AAF1138AD}.AppStore|Any CPU.ActiveCfg = Release|Any CPU
		{7B807F16-F0E5-4211-9818-820AAF1138AD}.AppStore|Any CPU.Build.0 = Release|Any CPU
		{7B807F16-F0E5-4211-9818-820AAF1138AD}.AppStore|Any CPU.Deploy.0 = Release|Any CPU
		{7B807F16-F0E5-4211-9818-820AAF1138AD}.AppStore|ARM.ActiveCfg = Release|Any CPU
		{7B807F16-F0E5-4211-9818-820AAF1138AD}.AppStore|ARM.Build.0 = Release|Any CPU
		{7B807F16-F0E5-4211-9818-820AAF1138AD}.AppStore|ARM.Deploy.0 = Release|Any CPU
		{7B807F16-F0E5-4211-9818-820AAF1138AD}.AppStore|iPhone.ActiveCfg = Release|Any CPU
		{7B807F16-F0E5-4211-9818-820AAF1138AD}.AppStore|iPhone.Build.0 = Release|Any CPU
		{7B807F16-F0E5-4211-9818-820AAF1138AD}.AppStore|iPhone.Deploy.0 = Release|Any CPU
		{7B807F16-F0E5-4211-9818-820AAF1138AD}.AppStore|iPhoneSimulator.ActiveCfg = Release|Any CPU
		{7B807F16-F0E5-4211-9818-820AAF1138AD}.AppStore|iPhoneSimulator.Build.0 = Release|Any CPU
		{7B807F16-F0E5-4211-9818-820AAF1138AD}.AppStore|iPhoneSimulator.Deploy.0 = Release|Any CPU
		{7B807F16-F0E5-4211-9818-820AAF1138AD}.AppStore|x64.ActiveCfg = Release|Any CPU
		{7B807F16-F0E5-4211-9818-820AAF1138AD}.AppStore|x64.Build.0 = Release|Any CPU
		{7B807F16-F0E5-4211-9818-820AAF1138AD}.AppStore|x64.Deploy.0 = Release|Any CPU
		{7B807F16-F0E5-4211-9818-820AAF1138AD}.AppStore|x86.ActiveCfg = Release|Any CPU
		{7B807F16-F0E5-4211-9818-820AAF1138AD}.AppStore|x86.Build.0 = Release|Any CPU
		{7B807F16-F0E5-4211-9818-820AAF1138AD}.AppStore|x86.Deploy.0 = Release|Any CPU
		{7B807F16-F0E5-4211-9818-820AAF1138AD}.Debug|Any CPU.ActiveCfg = Debug|Any CPU
		{7B807F16-F0E5-4211-9818-820AAF1138AD}.Debug|Any CPU.Build.0 = Debug|Any CPU
		{7B807F16-F0E5-4211-9818-820AAF1138AD}.Debug|Any CPU.Deploy.0 = Debug|Any CPU
		{7B807F16-F0E5-4211-9818-820AAF1138AD}.Debug|ARM.ActiveCfg = Debug|Any CPU
		{7B807F16-F0E5-4211-9818-820AAF1138AD}.Debug|ARM.Build.0 = Debug|Any CPU
		{7B807F16-F0E5-4211-9818-820AAF1138AD}.Debug|ARM.Deploy.0 = Debug|Any CPU
		{7B807F16-F0E5-4211-9818-820AAF1138AD}.Debug|iPhone.ActiveCfg = Debug|Any CPU
		{7B807F16-F0E5-4211-9818-820AAF1138AD}.Debug|iPhone.Build.0 = Debug|Any CPU
		{7B807F16-F0E5-4211-9818-820AAF1138AD}.Debug|iPhone.Deploy.0 = Debug|Any CPU
		{7B807F16-F0E5-4211-9818-820AAF1138AD}.Debug|iPhoneSimulator.ActiveCfg = Debug|Any CPU
		{7B807F16-F0E5-4211-9818-820AAF1138AD}.Debug|iPhoneSimulator.Build.0 = Debug|Any CPU
		{7B807F16-F0E5-4211-9818-820AAF1138AD}.Debug|iPhoneSimulator.Deploy.0 = Debug|Any CPU
		{7B807F16-F0E5-4211-9818-820AAF1138AD}.Debug|x64.ActiveCfg = Debug|Any CPU
		{7B807F16-F0E5-4211-9818-820AAF1138AD}.Debug|x64.Build.0 = Debug|Any CPU
		{7B807F16-F0E5-4211-9818-820AAF1138AD}.Debug|x64.Deploy.0 = Debug|Any CPU
		{7B807F16-F0E5-4211-9818-820AAF1138AD}.Debug|x86.ActiveCfg = Debug|Any CPU
		{7B807F16-F0E5-4211-9818-820AAF1138AD}.Debug|x86.Build.0 = Debug|Any CPU
		{7B807F16-F0E5-4211-9818-820AAF1138AD}.Debug|x86.Deploy.0 = Debug|Any CPU
		{7B807F16-F0E5-4211-9818-820AAF1138AD}.Release|Any CPU.ActiveCfg = Release|Any CPU
		{7B807F16-F0E5-4211-9818-820AAF1138AD}.Release|Any CPU.Build.0 = Release|Any CPU
		{7B807F16-F0E5-4211-9818-820AAF1138AD}.Release|Any CPU.Deploy.0 = Release|Any CPU
		{7B807F16-F0E5-4211-9818-820AAF1138AD}.Release|ARM.ActiveCfg = Release|Any CPU
		{7B807F16-F0E5-4211-9818-820AAF1138AD}.Release|ARM.Build.0 = Release|Any CPU
		{7B807F16-F0E5-4211-9818-820AAF1138AD}.Release|ARM.Deploy.0 = Release|Any CPU
		{7B807F16-F0E5-4211-9818-820AAF1138AD}.Release|iPhone.ActiveCfg = Release|Any CPU
		{7B807F16-F0E5-4211-9818-820AAF1138AD}.Release|iPhone.Build.0 = Release|Any CPU
		{7B807F16-F0E5-4211-9818-820AAF1138AD}.Release|iPhone.Deploy.0 = Release|Any CPU
		{7B807F16-F0E5-4211-9818-820AAF1138AD}.Release|iPhoneSimulator.ActiveCfg = Release|Any CPU
		{7B807F16-F0E5-4211-9818-820AAF1138AD}.Release|iPhoneSimulator.Build.0 = Release|Any CPU
		{7B807F16-F0E5-4211-9818-820AAF1138AD}.Release|iPhoneSimulator.Deploy.0 = Release|Any CPU
		{7B807F16-F0E5-4211-9818-820AAF1138AD}.Release|x64.ActiveCfg = Release|Any CPU
		{7B807F16-F0E5-4211-9818-820AAF1138AD}.Release|x64.Build.0 = Release|Any CPU
		{7B807F16-F0E5-4211-9818-820AAF1138AD}.Release|x64.Deploy.0 = Release|Any CPU
		{7B807F16-F0E5-4211-9818-820AAF1138AD}.Release|x86.ActiveCfg = Release|Any CPU
		{7B807F16-F0E5-4211-9818-820AAF1138AD}.Release|x86.Build.0 = Release|Any CPU
		{7B807F16-F0E5-4211-9818-820AAF1138AD}.Release|x86.Deploy.0 = Release|Any CPU
		{AE94A8F8-5224-4CEF-AC11-5E75073F2AA6}.Ad-Hoc|Any CPU.ActiveCfg = Release|Any CPU
		{AE94A8F8-5224-4CEF-AC11-5E75073F2AA6}.Ad-Hoc|Any CPU.Build.0 = Release|Any CPU
		{AE94A8F8-5224-4CEF-AC11-5E75073F2AA6}.Ad-Hoc|ARM.ActiveCfg = Release|Any CPU
		{AE94A8F8-5224-4CEF-AC11-5E75073F2AA6}.Ad-Hoc|ARM.Build.0 = Release|Any CPU
		{AE94A8F8-5224-4CEF-AC11-5E75073F2AA6}.Ad-Hoc|iPhone.ActiveCfg = Release|Any CPU
		{AE94A8F8-5224-4CEF-AC11-5E75073F2AA6}.Ad-Hoc|iPhone.Build.0 = Release|Any CPU
		{AE94A8F8-5224-4CEF-AC11-5E75073F2AA6}.Ad-Hoc|iPhoneSimulator.ActiveCfg = Release|Any CPU
		{AE94A8F8-5224-4CEF-AC11-5E75073F2AA6}.Ad-Hoc|iPhoneSimulator.Build.0 = Release|Any CPU
		{AE94A8F8-5224-4CEF-AC11-5E75073F2AA6}.Ad-Hoc|x64.ActiveCfg = Release|Any CPU
		{AE94A8F8-5224-4CEF-AC11-5E75073F2AA6}.Ad-Hoc|x64.Build.0 = Release|Any CPU
		{AE94A8F8-5224-4CEF-AC11-5E75073F2AA6}.Ad-Hoc|x86.ActiveCfg = Release|Any CPU
		{AE94A8F8-5224-4CEF-AC11-5E75073F2AA6}.Ad-Hoc|x86.Build.0 = Release|Any CPU
		{AE94A8F8-5224-4CEF-AC11-5E75073F2AA6}.AppStore|Any CPU.ActiveCfg = Release|Any CPU
		{AE94A8F8-5224-4CEF-AC11-5E75073F2AA6}.AppStore|Any CPU.Build.0 = Release|Any CPU
		{AE94A8F8-5224-4CEF-AC11-5E75073F2AA6}.AppStore|ARM.ActiveCfg = Release|Any CPU
		{AE94A8F8-5224-4CEF-AC11-5E75073F2AA6}.AppStore|ARM.Build.0 = Release|Any CPU
		{AE94A8F8-5224-4CEF-AC11-5E75073F2AA6}.AppStore|iPhone.ActiveCfg = Release|Any CPU
		{AE94A8F8-5224-4CEF-AC11-5E75073F2AA6}.AppStore|iPhone.Build.0 = Release|Any CPU
		{AE94A8F8-5224-4CEF-AC11-5E75073F2AA6}.AppStore|iPhoneSimulator.ActiveCfg = Release|Any CPU
		{AE94A8F8-5224-4CEF-AC11-5E75073F2AA6}.AppStore|iPhoneSimulator.Build.0 = Release|Any CPU
		{AE94A8F8-5224-4CEF-AC11-5E75073F2AA6}.AppStore|x64.ActiveCfg = Release|Any CPU
		{AE94A8F8-5224-4CEF-AC11-5E75073F2AA6}.AppStore|x64.Build.0 = Release|Any CPU
		{AE94A8F8-5224-4CEF-AC11-5E75073F2AA6}.AppStore|x86.ActiveCfg = Release|Any CPU
		{AE94A8F8-5224-4CEF-AC11-5E75073F2AA6}.AppStore|x86.Build.0 = Release|Any CPU
		{AE94A8F8-5224-4CEF-AC11-5E75073F2AA6}.Debug|Any CPU.ActiveCfg = Debug|Any CPU
		{AE94A8F8-5224-4CEF-AC11-5E75073F2AA6}.Debug|Any CPU.Build.0 = Debug|Any CPU
		{AE94A8F8-5224-4CEF-AC11-5E75073F2AA6}.Debug|ARM.ActiveCfg = Debug|Any CPU
		{AE94A8F8-5224-4CEF-AC11-5E75073F2AA6}.Debug|ARM.Build.0 = Debug|Any CPU
		{AE94A8F8-5224-4CEF-AC11-5E75073F2AA6}.Debug|iPhone.ActiveCfg = Debug|Any CPU
		{AE94A8F8-5224-4CEF-AC11-5E75073F2AA6}.Debug|iPhone.Build.0 = Debug|Any CPU
		{AE94A8F8-5224-4CEF-AC11-5E75073F2AA6}.Debug|iPhoneSimulator.ActiveCfg = Debug|Any CPU
		{AE94A8F8-5224-4CEF-AC11-5E75073F2AA6}.Debug|iPhoneSimulator.Build.0 = Debug|Any CPU
		{AE94A8F8-5224-4CEF-AC11-5E75073F2AA6}.Debug|x64.ActiveCfg = Debug|Any CPU
		{AE94A8F8-5224-4CEF-AC11-5E75073F2AA6}.Debug|x64.Build.0 = Debug|Any CPU
		{AE94A8F8-5224-4CEF-AC11-5E75073F2AA6}.Debug|x86.ActiveCfg = Debug|Any CPU
		{AE94A8F8-5224-4CEF-AC11-5E75073F2AA6}.Debug|x86.Build.0 = Debug|Any CPU
		{AE94A8F8-5224-4CEF-AC11-5E75073F2AA6}.Release|Any CPU.ActiveCfg = Release|Any CPU
		{AE94A8F8-5224-4CEF-AC11-5E75073F2AA6}.Release|Any CPU.Build.0 = Release|Any CPU
		{AE94A8F8-5224-4CEF-AC11-5E75073F2AA6}.Release|ARM.ActiveCfg = Release|Any CPU
		{AE94A8F8-5224-4CEF-AC11-5E75073F2AA6}.Release|ARM.Build.0 = Release|Any CPU
		{AE94A8F8-5224-4CEF-AC11-5E75073F2AA6}.Release|iPhone.ActiveCfg = Release|Any CPU
		{AE94A8F8-5224-4CEF-AC11-5E75073F2AA6}.Release|iPhone.Build.0 = Release|Any CPU
		{AE94A8F8-5224-4CEF-AC11-5E75073F2AA6}.Release|iPhoneSimulator.ActiveCfg = Release|Any CPU
		{AE94A8F8-5224-4CEF-AC11-5E75073F2AA6}.Release|iPhoneSimulator.Build.0 = Release|Any CPU
		{AE94A8F8-5224-4CEF-AC11-5E75073F2AA6}.Release|x64.ActiveCfg = Release|Any CPU
		{AE94A8F8-5224-4CEF-AC11-5E75073F2AA6}.Release|x64.Build.0 = Release|Any CPU
		{AE94A8F8-5224-4CEF-AC11-5E75073F2AA6}.Release|x86.ActiveCfg = Release|Any CPU
		{AE94A8F8-5224-4CEF-AC11-5E75073F2AA6}.Release|x86.Build.0 = Release|Any CPU
		{6BF72723-D3AA-4E2C-85A7-B9C0BAF9B7AE}.Ad-Hoc|Any CPU.ActiveCfg = Release|x86
		{6BF72723-D3AA-4E2C-85A7-B9C0BAF9B7AE}.Ad-Hoc|Any CPU.Build.0 = Release|x86
		{6BF72723-D3AA-4E2C-85A7-B9C0BAF9B7AE}.Ad-Hoc|Any CPU.Deploy.0 = Release|x86
		{6BF72723-D3AA-4E2C-85A7-B9C0BAF9B7AE}.Ad-Hoc|ARM.ActiveCfg = Release|ARM
		{6BF72723-D3AA-4E2C-85A7-B9C0BAF9B7AE}.Ad-Hoc|ARM.Build.0 = Release|ARM
		{6BF72723-D3AA-4E2C-85A7-B9C0BAF9B7AE}.Ad-Hoc|ARM.Deploy.0 = Release|ARM
		{6BF72723-D3AA-4E2C-85A7-B9C0BAF9B7AE}.Ad-Hoc|iPhone.ActiveCfg = Release|x86
		{6BF72723-D3AA-4E2C-85A7-B9C0BAF9B7AE}.Ad-Hoc|iPhone.Build.0 = Release|x86
		{6BF72723-D3AA-4E2C-85A7-B9C0BAF9B7AE}.Ad-Hoc|iPhone.Deploy.0 = Release|x86
		{6BF72723-D3AA-4E2C-85A7-B9C0BAF9B7AE}.Ad-Hoc|iPhoneSimulator.ActiveCfg = Release|x86
		{6BF72723-D3AA-4E2C-85A7-B9C0BAF9B7AE}.Ad-Hoc|iPhoneSimulator.Build.0 = Release|x86
		{6BF72723-D3AA-4E2C-85A7-B9C0BAF9B7AE}.Ad-Hoc|iPhoneSimulator.Deploy.0 = Release|x86
		{6BF72723-D3AA-4E2C-85A7-B9C0BAF9B7AE}.Ad-Hoc|x64.ActiveCfg = Release|x64
		{6BF72723-D3AA-4E2C-85A7-B9C0BAF9B7AE}.Ad-Hoc|x64.Build.0 = Release|x64
		{6BF72723-D3AA-4E2C-85A7-B9C0BAF9B7AE}.Ad-Hoc|x64.Deploy.0 = Release|x64
		{6BF72723-D3AA-4E2C-85A7-B9C0BAF9B7AE}.Ad-Hoc|x86.ActiveCfg = Release|x86
		{6BF72723-D3AA-4E2C-85A7-B9C0BAF9B7AE}.Ad-Hoc|x86.Build.0 = Release|x86
		{6BF72723-D3AA-4E2C-85A7-B9C0BAF9B7AE}.Ad-Hoc|x86.Deploy.0 = Release|x86
		{6BF72723-D3AA-4E2C-85A7-B9C0BAF9B7AE}.AppStore|Any CPU.ActiveCfg = Release|x86
		{6BF72723-D3AA-4E2C-85A7-B9C0BAF9B7AE}.AppStore|Any CPU.Build.0 = Release|x86
		{6BF72723-D3AA-4E2C-85A7-B9C0BAF9B7AE}.AppStore|Any CPU.Deploy.0 = Release|x86
		{6BF72723-D3AA-4E2C-85A7-B9C0BAF9B7AE}.AppStore|ARM.ActiveCfg = Release|ARM
		{6BF72723-D3AA-4E2C-85A7-B9C0BAF9B7AE}.AppStore|ARM.Build.0 = Release|ARM
		{6BF72723-D3AA-4E2C-85A7-B9C0BAF9B7AE}.AppStore|ARM.Deploy.0 = Release|ARM
		{6BF72723-D3AA-4E2C-85A7-B9C0BAF9B7AE}.AppStore|iPhone.ActiveCfg = Release|x86
		{6BF72723-D3AA-4E2C-85A7-B9C0BAF9B7AE}.AppStore|iPhone.Build.0 = Release|x86
		{6BF72723-D3AA-4E2C-85A7-B9C0BAF9B7AE}.AppStore|iPhone.Deploy.0 = Release|x86
		{6BF72723-D3AA-4E2C-85A7-B9C0BAF9B7AE}.AppStore|iPhoneSimulator.ActiveCfg = Release|x86
		{6BF72723-D3AA-4E2C-85A7-B9C0BAF9B7AE}.AppStore|iPhoneSimulator.Build.0 = Release|x86
		{6BF72723-D3AA-4E2C-85A7-B9C0BAF9B7AE}.AppStore|iPhoneSimulator.Deploy.0 = Release|x86
		{6BF72723-D3AA-4E2C-85A7-B9C0BAF9B7AE}.AppStore|x64.ActiveCfg = Release|x64
		{6BF72723-D3AA-4E2C-85A7-B9C0BAF9B7AE}.AppStore|x64.Build.0 = Release|x64
		{6BF72723-D3AA-4E2C-85A7-B9C0BAF9B7AE}.AppStore|x64.Deploy.0 = Release|x64
		{6BF72723-D3AA-4E2C-85A7-B9C0BAF9B7AE}.AppStore|x86.ActiveCfg = Release|x86
		{6BF72723-D3AA-4E2C-85A7-B9C0BAF9B7AE}.AppStore|x86.Build.0 = Release|x86
		{6BF72723-D3AA-4E2C-85A7-B9C0BAF9B7AE}.AppStore|x86.Deploy.0 = Release|x86
		{6BF72723-D3AA-4E2C-85A7-B9C0BAF9B7AE}.Debug|Any CPU.ActiveCfg = Debug|x86
		{6BF72723-D3AA-4E2C-85A7-B9C0BAF9B7AE}.Debug|Any CPU.Build.0 = Debug|x86
		{6BF72723-D3AA-4E2C-85A7-B9C0BAF9B7AE}.Debug|Any CPU.Deploy.0 = Debug|x86
		{6BF72723-D3AA-4E2C-85A7-B9C0BAF9B7AE}.Debug|ARM.ActiveCfg = Debug|ARM
		{6BF72723-D3AA-4E2C-85A7-B9C0BAF9B7AE}.Debug|ARM.Build.0 = Debug|ARM
		{6BF72723-D3AA-4E2C-85A7-B9C0BAF9B7AE}.Debug|ARM.Deploy.0 = Debug|ARM
		{6BF72723-D3AA-4E2C-85A7-B9C0BAF9B7AE}.Debug|iPhone.ActiveCfg = Debug|x86
		{6BF72723-D3AA-4E2C-85A7-B9C0BAF9B7AE}.Debug|iPhoneSimulator.ActiveCfg = Debug|x86
		{6BF72723-D3AA-4E2C-85A7-B9C0BAF9B7AE}.Debug|x64.ActiveCfg = Debug|x64
		{6BF72723-D3AA-4E2C-85A7-B9C0BAF9B7AE}.Debug|x64.Build.0 = Debug|x64
		{6BF72723-D3AA-4E2C-85A7-B9C0BAF9B7AE}.Debug|x64.Deploy.0 = Debug|x64
		{6BF72723-D3AA-4E2C-85A7-B9C0BAF9B7AE}.Debug|x86.ActiveCfg = Debug|x86
		{6BF72723-D3AA-4E2C-85A7-B9C0BAF9B7AE}.Debug|x86.Build.0 = Debug|x86
		{6BF72723-D3AA-4E2C-85A7-B9C0BAF9B7AE}.Debug|x86.Deploy.0 = Debug|x86
		{6BF72723-D3AA-4E2C-85A7-B9C0BAF9B7AE}.Release|Any CPU.ActiveCfg = Release|x86
		{6BF72723-D3AA-4E2C-85A7-B9C0BAF9B7AE}.Release|ARM.ActiveCfg = Release|ARM
		{6BF72723-D3AA-4E2C-85A7-B9C0BAF9B7AE}.Release|ARM.Build.0 = Release|ARM
		{6BF72723-D3AA-4E2C-85A7-B9C0BAF9B7AE}.Release|ARM.Deploy.0 = Release|ARM
		{6BF72723-D3AA-4E2C-85A7-B9C0BAF9B7AE}.Release|iPhone.ActiveCfg = Release|x86
		{6BF72723-D3AA-4E2C-85A7-B9C0BAF9B7AE}.Release|iPhoneSimulator.ActiveCfg = Release|x86
		{6BF72723-D3AA-4E2C-85A7-B9C0BAF9B7AE}.Release|x64.ActiveCfg = Release|x64
		{6BF72723-D3AA-4E2C-85A7-B9C0BAF9B7AE}.Release|x64.Build.0 = Release|x64
		{6BF72723-D3AA-4E2C-85A7-B9C0BAF9B7AE}.Release|x64.Deploy.0 = Release|x64
		{6BF72723-D3AA-4E2C-85A7-B9C0BAF9B7AE}.Release|x86.ActiveCfg = Release|x86
		{6BF72723-D3AA-4E2C-85A7-B9C0BAF9B7AE}.Release|x86.Build.0 = Release|x86
		{6BF72723-D3AA-4E2C-85A7-B9C0BAF9B7AE}.Release|x86.Deploy.0 = Release|x86
		{5FE376BA-9864-40D8-B621-A258EC39F2CE}.Ad-Hoc|Any CPU.ActiveCfg = Ad-Hoc|iPhone
		{5FE376BA-9864-40D8-B621-A258EC39F2CE}.Ad-Hoc|ARM.ActiveCfg = Ad-Hoc|iPhone
		{5FE376BA-9864-40D8-B621-A258EC39F2CE}.Ad-Hoc|iPhone.ActiveCfg = Ad-Hoc|iPhone
		{5FE376BA-9864-40D8-B621-A258EC39F2CE}.Ad-Hoc|iPhone.Build.0 = Ad-Hoc|iPhone
		{5FE376BA-9864-40D8-B621-A258EC39F2CE}.Ad-Hoc|iPhoneSimulator.ActiveCfg = Ad-Hoc|iPhoneSimulator
		{5FE376BA-9864-40D8-B621-A258EC39F2CE}.Ad-Hoc|iPhoneSimulator.Build.0 = Ad-Hoc|iPhoneSimulator
		{5FE376BA-9864-40D8-B621-A258EC39F2CE}.Ad-Hoc|x64.ActiveCfg = Ad-Hoc|iPhone
		{5FE376BA-9864-40D8-B621-A258EC39F2CE}.Ad-Hoc|x86.ActiveCfg = Ad-Hoc|iPhone
		{5FE376BA-9864-40D8-B621-A258EC39F2CE}.AppStore|Any CPU.ActiveCfg = AppStore|iPhone
		{5FE376BA-9864-40D8-B621-A258EC39F2CE}.AppStore|ARM.ActiveCfg = AppStore|iPhone
		{5FE376BA-9864-40D8-B621-A258EC39F2CE}.AppStore|iPhone.ActiveCfg = AppStore|iPhone
		{5FE376BA-9864-40D8-B621-A258EC39F2CE}.AppStore|iPhone.Build.0 = AppStore|iPhone
		{5FE376BA-9864-40D8-B621-A258EC39F2CE}.AppStore|iPhoneSimulator.ActiveCfg = AppStore|iPhoneSimulator
		{5FE376BA-9864-40D8-B621-A258EC39F2CE}.AppStore|iPhoneSimulator.Build.0 = AppStore|iPhoneSimulator
		{5FE376BA-9864-40D8-B621-A258EC39F2CE}.AppStore|x64.ActiveCfg = AppStore|iPhone
		{5FE376BA-9864-40D8-B621-A258EC39F2CE}.AppStore|x86.ActiveCfg = AppStore|iPhone
		{5FE376BA-9864-40D8-B621-A258EC39F2CE}.Debug|Any CPU.ActiveCfg = Debug|iPhone
		{5FE376BA-9864-40D8-B621-A258EC39F2CE}.Debug|Any CPU.Build.0 = Debug|iPhone
		{5FE376BA-9864-40D8-B621-A258EC39F2CE}.Debug|ARM.ActiveCfg = Debug|iPhone
		{5FE376BA-9864-40D8-B621-A258EC39F2CE}.Debug|iPhone.ActiveCfg = Debug|iPhone
		{5FE376BA-9864-40D8-B621-A258EC39F2CE}.Debug|iPhone.Build.0 = Debug|iPhone
		{5FE376BA-9864-40D8-B621-A258EC39F2CE}.Debug|iPhoneSimulator.ActiveCfg = Debug|iPhoneSimulator
		{5FE376BA-9864-40D8-B621-A258EC39F2CE}.Debug|iPhoneSimulator.Build.0 = Debug|iPhoneSimulator
		{5FE376BA-9864-40D8-B621-A258EC39F2CE}.Debug|x64.ActiveCfg = Debug|iPhone
		{5FE376BA-9864-40D8-B621-A258EC39F2CE}.Debug|x86.ActiveCfg = Debug|iPhone
		{5FE376BA-9864-40D8-B621-A258EC39F2CE}.Release|Any CPU.ActiveCfg = Release|iPhone
		{5FE376BA-9864-40D8-B621-A258EC39F2CE}.Release|ARM.ActiveCfg = Release|iPhone
		{5FE376BA-9864-40D8-B621-A258EC39F2CE}.Release|iPhone.ActiveCfg = Release|iPhone
		{5FE376BA-9864-40D8-B621-A258EC39F2CE}.Release|iPhone.Build.0 = Release|iPhone
		{5FE376BA-9864-40D8-B621-A258EC39F2CE}.Release|iPhoneSimulator.ActiveCfg = Release|iPhoneSimulator
		{5FE376BA-9864-40D8-B621-A258EC39F2CE}.Release|iPhoneSimulator.Build.0 = Release|iPhoneSimulator
		{5FE376BA-9864-40D8-B621-A258EC39F2CE}.Release|x64.ActiveCfg = Release|iPhone
		{5FE376BA-9864-40D8-B621-A258EC39F2CE}.Release|x86.ActiveCfg = Release|iPhone
	EndGlobalSection
	GlobalSection(SolutionProperties) = preSolution
		HideSolutionNode = FALSE
	EndGlobalSection
EndGlobal
